lockfileVersion: '9.0'

settings:
  autoInstallPeers: true
  excludeLinksFromLockfile: false

importers:

  .:
    dependencies:
      '@types/ws':
        specifier: ^8.18.1
        version: 8.18.1
      ioredis:
        specifier: ^5.7.0
        version: 5.7.0
      typescript:
        specifier: ^5.9.2
        version: 5.9.2
      ws:
        specifier: ^8.18.3
        version: 8.18.3

packages:

  '@ioredis/commands@1.3.1':
    resolution: {integrity: sha512-bYtU8avhGIcje3IhvF9aSjsa5URMZBHnwKtOvXsT4sfYy9gppW11gLPT/9oNqlJZD47yPKveQFTAFWpHjKvUoQ==}

  '@types/node@24.3.0':
    resolution: {integrity: sha512-aPTXCrfwnDLj4VvXrm+UUCQjNEvJgNA8s5F1cvwQU+3KNltTOkBm1j30uNLyqqPNe7gE3KFzImYoZEfLhp4Yow==}

  '@types/ws@8.18.1':
    resolution: {integrity: sha512-ThVF6DCVhA8kUGy+aazFQ4kXQ7E1Ty7A3ypFOe0IcJV8O/M511G99AW24irKrW56Wt44yG9+ij8FaqoBGkuBXg==}

  cluster-key-slot@1.1.2:
    resolution: {integrity: sha512-RMr0FhtfXemyinomL4hrWcYJxmX6deFdCxpJzhDttxgO1+bcCnkk+9drydLVDmAMG7NE6aN/fl4F7ucU/90gAA==}
    engines: {node: '>=0.10.0'}

  debug@4.4.1:
    resolution: {integrity: sha512-KcKCqiftBJcZr++7ykoDIEwSa3XWowTfNPo92BYxjXiyYEVrUQh2aLyhxBCwww+heortUFxEJYcRzosstTEBYQ==}
    engines: {node: '>=6.0'}
    peerDependencies:
      supports-color: '*'
    peerDependenciesMeta:
      supports-color:
        optional: true

  denque@2.1.0:
    resolution: {integrity: sha512-HVQE3AAb/pxF8fQAoiqpvg9i3evqug3hoiwakOyZAwJm+6vZehbkYXZ0l4JxS+I3QxM97v5aaRNhj8v5oBhekw==}
    engines: {node: '>=0.10'}

  ioredis@5.7.0:
    resolution: {integrity: sha512-NUcA93i1lukyXU+riqEyPtSEkyFq8tX90uL659J+qpCZ3rEdViB/APC58oAhIh3+bJln2hzdlZbBZsGNrlsR8g==}
    engines: {node: '>=12.22.0'}

  lodash.defaults@4.2.0:
    resolution: {integrity: sha512-qjxPLHd3r5DnsdGacqOMU6pb/avJzdh9tFX2ymgoZE27BmjXrNy/y4LoaiTeAb+O3gL8AfpJGtqfX/ae2leYYQ==}

  lodash.isarguments@3.1.0:
    resolution: {integrity: sha512-chi4NHZlZqZD18a0imDHnZPrDeBbTtVN7GXMwuGdRH9qotxAjYs3aVLKc7zNOG9eddR5Ksd8rvFEBc9SsggPpg==}

  ms@2.1.3:
    resolution: {integrity: sha512-6FlzubTLZG3J2a/NVCAleEhjzq5oxgHyaCU9yYXvcLsvoVaHJq/s5xXI6/XXP6tz7R9xAOtHnSO/tXtF3WRTlA==}

  redis-errors@1.2.0:
    resolution: {integrity: sha512-1qny3OExCf0UvUV/5wpYKf2YwPcOqXzkwKKSmKHiE6ZMQs5heeE/c8eXK+PNllPvmjgAbfnsbpkGZWy8cBpn9w==}
    engines: {node: '>=4'}

  redis-parser@3.0.0:
    resolution: {integrity: sha512-DJnGAeenTdpMEH6uAJRK/uiyEIH9WVsUmoLwzudwGJUwZPp80PDBWPHXSAGNPwNvIXAbe7MSUB1zQFugFml66A==}
    engines: {node: '>=4'}

  standard-as-callback@2.1.0:
    resolution: {integrity: sha512-qoRRSyROncaz1z0mvYqIE4lCd9p2R90i6GxW3uZv5ucSu8tU7B5HXUP1gG8pVZsYNVaXjk8ClXHPttLyxAL48A==}

  typescript@5.9.2:
    resolution: {integrity: sha512-CWBzXQrc/qOkhidw1OzBTQuYRbfyxDXJMVJ1XNwUHGROVmuaeiEm3OslpZ1RV96d7SKKjZKrSJu3+t/xlw3R9A==}
    engines: {node: '>=14.17'}
    hasBin: true

  undici-types@7.10.0:
    resolution: {integrity: sha512-t5Fy/nfn+14LuOc2KNYg75vZqClpAiqscVvMygNnlsHBFpSXdJaYtXMcdNLpl/Qvc3P2cB3s6lOV51nqsFq4ag==}

  ws@8.18.3:
    resolution: {integrity: sha512-PEIGCY5tSlUt50cqyMXfCzX+oOPqN0vuGqWzbcJ2xvnkzkq46oOpz7dQaTDBdfICb4N14+GARUDw2XV2N4tvzg==}
    engines: {node: '>=10.0.0'}
    peerDependencies:
      bufferutil: ^4.0.1
      utf-8-validate: '>=5.0.2'
    peerDependenciesMeta:
      bufferutil:
        optional: true
      utf-8-validate:
        optional: true

snapshots:

  '@ioredis/commands@1.3.1': {}

  '@types/node@24.3.0':
    dependencies:
      undici-types: 7.10.0

  '@types/ws@8.18.1':
    dependencies:
      '@types/node': 24.3.0

  cluster-key-slot@1.1.2: {}

  debug@4.4.1:
    dependencies:
      ms: 2.1.3

  denque@2.1.0: {}

  ioredis@5.7.0:
    dependencies:
      '@ioredis/commands': 1.3.1
      cluster-key-slot: 1.1.2
      debug: 4.4.1
      denque: 2.1.0
      lodash.defaults: 4.2.0
      lodash.isarguments: 3.1.0
      redis-errors: 1.2.0
      redis-parser: 3.0.0
      standard-as-callback: 2.1.0
    transitivePeerDependencies:
      - supports-color

  lodash.defaults@4.2.0: {}

  lodash.isarguments@3.1.0: {}

  ms@2.1.3: {}

  redis-errors@1.2.0: {}

  redis-parser@3.0.0:
    dependencies:
      redis-errors: 1.2.0

  standard-as-callback@2.1.0: {}

  typescript@5.9.2: {}

  undici-types@7.10.0: {}

  ws@8.18.3: {}
